// !$*UTF8*$!
{
	archiveVersion = 1;
	classes = {
	};
	objectVersion = 56;
	objects = {

/* Begin PBXBuildFile section */
		6F12DA6929C907AD00C9B435 /* StrokeText.swift in Sources */ = {isa = PBXBuildFile; fileRef = 6F12DA6829C907AD00C9B435 /* StrokeText.swift */; };
		6F2AF9D729C73DE000F1C73D /* StoreTestAppApp.swift in Sources */ = {isa = PBXBuildFile; fileRef = 6F2AF9D629C73DE000F1C73D /* StoreTestAppApp.swift */; };
		6F2AF9D929C73DE000F1C73D /* SignInView.swift in Sources */ = {isa = PBXBuildFile; fileRef = 6F2AF9D829C73DE000F1C73D /* SignInView.swift */; };
		6F2AF9DB29C73DE100F1C73D /* Assets.xcassets in Resources */ = {isa = PBXBuildFile; fileRef = 6F2AF9DA29C73DE100F1C73D /* Assets.xcassets */; };
		6F2AF9E829C73DE100F1C73D /* StoreTestAppTests.swift in Sources */ = {isa = PBXBuildFile; fileRef = 6F2AF9E729C73DE100F1C73D /* StoreTestAppTests.swift */; };
		6F2AF9F229C73DE100F1C73D /* StoreTestAppUITests.swift in Sources */ = {isa = PBXBuildFile; fileRef = 6F2AF9F129C73DE100F1C73D /* StoreTestAppUITests.swift */; };
		6F2AF9F429C73DE100F1C73D /* StoreTestAppUITestsLaunchTests.swift in Sources */ = {isa = PBXBuildFile; fileRef = 6F2AF9F329C73DE100F1C73D /* StoreTestAppUITestsLaunchTests.swift */; };
		6F2AFA1829C7459A00F1C73D /* Montserrat-Bold.ttf in Resources */ = {isa = PBXBuildFile; fileRef = 6F2AFA0629C7459900F1C73D /* Montserrat-Bold.ttf */; };
		6F2AFA1929C7459A00F1C73D /* Montserrat-Regular.ttf in Resources */ = {isa = PBXBuildFile; fileRef = 6F2AFA0729C7459900F1C73D /* Montserrat-Regular.ttf */; };
		6F2AFA2729C746D200F1C73D /* Font+Extensions.swift in Sources */ = {isa = PBXBuildFile; fileRef = 6F2AFA2629C746D200F1C73D /* Font+Extensions.swift */; };
		6F2AFA2929C747DD00F1C73D /* View+Extensions.swift in Sources */ = {isa = PBXBuildFile; fileRef = 6F2AFA2829C747DD00F1C73D /* View+Extensions.swift */; };
		6F2AFA2B29C74B8700F1C73D /* Strings.swift in Sources */ = {isa = PBXBuildFile; fileRef = 6F2AFA2A29C74B8700F1C73D /* Strings.swift */; };
		6F2AFA2D29C74E8800F1C73D /* LogInView.swift in Sources */ = {isa = PBXBuildFile; fileRef = 6F2AFA2C29C74E8800F1C73D /* LogInView.swift */; };
		6F2AFA2F29C74F3A00F1C73D /* TextFieldInCapsuleView.swift in Sources */ = {isa = PBXBuildFile; fileRef = 6F2AFA2E29C74F3A00F1C73D /* TextFieldInCapsuleView.swift */; };
		6F2AFA3129C754EA00F1C73D /* CommonButton.swift in Sources */ = {isa = PBXBuildFile; fileRef = 6F2AFA3029C754EA00F1C73D /* CommonButton.swift */; };
		6F62B41929C76DC800E58355 /* ProfileView.swift in Sources */ = {isa = PBXBuildFile; fileRef = 6F62B41829C76DC800E58355 /* ProfileView.swift */; };
		6F62B41B29C7760400E58355 /* UIApplication+Extensions.swift in Sources */ = {isa = PBXBuildFile; fileRef = 6F62B41A29C7760400E58355 /* UIApplication+Extensions.swift */; };
		6FB7B3EB29CB2C2E000F1792 /* CommonAlertView.swift in Sources */ = {isa = PBXBuildFile; fileRef = 6FB7B3EA29CB2C2E000F1792 /* CommonAlertView.swift */; };
		6FB7B3ED29CB49F6000F1792 /* LogInViewModel.swift in Sources */ = {isa = PBXBuildFile; fileRef = 6FB7B3EC29CB49F6000F1792 /* LogInViewModel.swift */; };
		6FB7B3F129CB4AA3000F1792 /* AlertSupported.swift in Sources */ = {isa = PBXBuildFile; fileRef = 6FB7B3F029CB4AA3000F1792 /* AlertSupported.swift */; };
		6FB7B3F329CB4BC3000F1792 /* String+Extensions.swift in Sources */ = {isa = PBXBuildFile; fileRef = 6FB7B3F229CB4BC3000F1792 /* String+Extensions.swift */; };
		6FB7B3F529CB4F46000F1792 /* UserDefaults+Extensions.swift in Sources */ = {isa = PBXBuildFile; fileRef = 6FB7B3F429CB4F46000F1792 /* UserDefaults+Extensions.swift */; };
		6FB7B3F729CB5249000F1792 /* CoreDataDebugView.swift in Sources */ = {isa = PBXBuildFile; fileRef = 6FB7B3F629CB5249000F1792 /* CoreDataDebugView.swift */; };
		6FB7B3F929CB62E0000F1792 /* CustomTabBar.swift in Sources */ = {isa = PBXBuildFile; fileRef = 6FB7B3F829CB62E0000F1792 /* CustomTabBar.swift */; };
		6FB7B3FB29CB713B000F1792 /* NetworkService.swift in Sources */ = {isa = PBXBuildFile; fileRef = 6FB7B3FA29CB713B000F1792 /* NetworkService.swift */; };
		6FEACF1F29C75B0200F5221C /* Preview Assets.xcassets in Resources */ = {isa = PBXBuildFile; fileRef = 6FEACF1E29C75B0200F5221C /* Preview Assets.xcassets */; };
		6FEACF2129C75D9600F5221C /* MainScreenView.swift in Sources */ = {isa = PBXBuildFile; fileRef = 6FEACF2029C75D9600F5221C /* MainScreenView.swift */; };
		6FF11DEE29C87BCC004469B8 /* ProductsView.swift in Sources */ = {isa = PBXBuildFile; fileRef = 6FF11DED29C87BCC004469B8 /* ProductsView.swift */; };
		6FF11DF129C88895004469B8 /* ProductViewModel.swift in Sources */ = {isa = PBXBuildFile; fileRef = 6FF11DF029C88895004469B8 /* ProductViewModel.swift */; };
		6FF11DF329C889C3004469B8 /* ProductModel.swift in Sources */ = {isa = PBXBuildFile; fileRef = 6FF11DF229C889C3004469B8 /* ProductModel.swift */; };
		6FF11DF529C88C73004469B8 /* ProductCellView.swift in Sources */ = {isa = PBXBuildFile; fileRef = 6FF11DF429C88C73004469B8 /* ProductCellView.swift */; };
		6FF77B6729C9AE6F00D4B752 /* UsersService.swift in Sources */ = {isa = PBXBuildFile; fileRef = 6FF77B6629C9AE6F00D4B752 /* UsersService.swift */; };
		6FF77B6A29C9AE8100D4B752 /* UsersDataModel.xcdatamodeld in Sources */ = {isa = PBXBuildFile; fileRef = 6FF77B6829C9AE8100D4B752 /* UsersDataModel.xcdatamodeld */; };
		6FF77B6C29C9BBEF00D4B752 /* SignInViewModel.swift in Sources */ = {isa = PBXBuildFile; fileRef = 6FF77B6B29C9BBEF00D4B752 /* SignInViewModel.swift */; };
/* End PBXBuildFile section */

/* Begin PBXContainerItemProxy section */
		6F2AF9E429C73DE100F1C73D /* PBXContainerItemProxy */ = {
			isa = PBXContainerItemProxy;
			containerPortal = 6F2AF9CB29C73DE000F1C73D /* Project object */;
			proxyType = 1;
			remoteGlobalIDString = 6F2AF9D229C73DE000F1C73D;
			remoteInfo = StoreTestApp;
		};
		6F2AF9EE29C73DE100F1C73D /* PBXContainerItemProxy */ = {
			isa = PBXContainerItemProxy;
			containerPortal = 6F2AF9CB29C73DE000F1C73D /* Project object */;
			proxyType = 1;
			remoteGlobalIDString = 6F2AF9D229C73DE000F1C73D;
			remoteInfo = StoreTestApp;
		};
/* End PBXContainerItemProxy section */

/* Begin PBXFileReference section */
		6F12DA6829C907AD00C9B435 /* StrokeText.swift */ = {isa = PBXFileReference; lastKnownFileType = sourcecode.swift; path = StrokeText.swift; sourceTree = "<group>"; };
		6F2AF9D329C73DE000F1C73D /* StoreTestApp.app */ = {isa = PBXFileReference; explicitFileType = wrapper.application; includeInIndex = 0; path = StoreTestApp.app; sourceTree = BUILT_PRODUCTS_DIR; };
		6F2AF9D629C73DE000F1C73D /* StoreTestAppApp.swift */ = {isa = PBXFileReference; lastKnownFileType = sourcecode.swift; path = StoreTestAppApp.swift; sourceTree = "<group>"; };
		6F2AF9D829C73DE000F1C73D /* SignInView.swift */ = {isa = PBXFileReference; lastKnownFileType = sourcecode.swift; path = SignInView.swift; sourceTree = "<group>"; };
		6F2AF9DA29C73DE100F1C73D /* Assets.xcassets */ = {isa = PBXFileReference; lastKnownFileType = folder.assetcatalog; path = Assets.xcassets; sourceTree = "<group>"; };
		6F2AF9E329C73DE100F1C73D /* StoreTestAppTests.xctest */ = {isa = PBXFileReference; explicitFileType = wrapper.cfbundle; includeInIndex = 0; path = StoreTestAppTests.xctest; sourceTree = BUILT_PRODUCTS_DIR; };
		6F2AF9E729C73DE100F1C73D /* StoreTestAppTests.swift */ = {isa = PBXFileReference; lastKnownFileType = sourcecode.swift; path = StoreTestAppTests.swift; sourceTree = "<group>"; };
		6F2AF9ED29C73DE100F1C73D /* StoreTestAppUITests.xctest */ = {isa = PBXFileReference; explicitFileType = wrapper.cfbundle; includeInIndex = 0; path = StoreTestAppUITests.xctest; sourceTree = BUILT_PRODUCTS_DIR; };
		6F2AF9F129C73DE100F1C73D /* StoreTestAppUITests.swift */ = {isa = PBXFileReference; lastKnownFileType = sourcecode.swift; path = StoreTestAppUITests.swift; sourceTree = "<group>"; };
		6F2AF9F329C73DE100F1C73D /* StoreTestAppUITestsLaunchTests.swift */ = {isa = PBXFileReference; lastKnownFileType = sourcecode.swift; path = StoreTestAppUITestsLaunchTests.swift; sourceTree = "<group>"; };
		6F2AFA0629C7459900F1C73D /* Montserrat-Bold.ttf */ = {isa = PBXFileReference; lastKnownFileType = file; path = "Montserrat-Bold.ttf"; sourceTree = "<group>"; };
		6F2AFA0729C7459900F1C73D /* Montserrat-Regular.ttf */ = {isa = PBXFileReference; lastKnownFileType = file; path = "Montserrat-Regular.ttf"; sourceTree = "<group>"; };
		6F2AFA2529C7466300F1C73D /* Info.plist */ = {isa = PBXFileReference; lastKnownFileType = text.plist.xml; path = Info.plist; sourceTree = "<group>"; };
		6F2AFA2629C746D200F1C73D /* Font+Extensions.swift */ = {isa = PBXFileReference; lastKnownFileType = sourcecode.swift; path = "Font+Extensions.swift"; sourceTree = "<group>"; };
		6F2AFA2829C747DD00F1C73D /* View+Extensions.swift */ = {isa = PBXFileReference; lastKnownFileType = sourcecode.swift; path = "View+Extensions.swift"; sourceTree = "<group>"; };
		6F2AFA2A29C74B8700F1C73D /* Strings.swift */ = {isa = PBXFileReference; lastKnownFileType = sourcecode.swift; path = Strings.swift; sourceTree = "<group>"; };
		6F2AFA2C29C74E8800F1C73D /* LogInView.swift */ = {isa = PBXFileReference; lastKnownFileType = sourcecode.swift; path = LogInView.swift; sourceTree = "<group>"; };
		6F2AFA2E29C74F3A00F1C73D /* TextFieldInCapsuleView.swift */ = {isa = PBXFileReference; lastKnownFileType = sourcecode.swift; path = TextFieldInCapsuleView.swift; sourceTree = "<group>"; };
		6F2AFA3029C754EA00F1C73D /* CommonButton.swift */ = {isa = PBXFileReference; lastKnownFileType = sourcecode.swift; path = CommonButton.swift; sourceTree = "<group>"; };
		6F62B41829C76DC800E58355 /* ProfileView.swift */ = {isa = PBXFileReference; lastKnownFileType = sourcecode.swift; path = ProfileView.swift; sourceTree = "<group>"; };
		6F62B41A29C7760400E58355 /* UIApplication+Extensions.swift */ = {isa = PBXFileReference; lastKnownFileType = sourcecode.swift; path = "UIApplication+Extensions.swift"; sourceTree = "<group>"; };
		6FB7B3EA29CB2C2E000F1792 /* CommonAlertView.swift */ = {isa = PBXFileReference; lastKnownFileType = sourcecode.swift; path = CommonAlertView.swift; sourceTree = "<group>"; };
		6FB7B3EC29CB49F6000F1792 /* LogInViewModel.swift */ = {isa = PBXFileReference; lastKnownFileType = sourcecode.swift; path = LogInViewModel.swift; sourceTree = "<group>"; };
		6FB7B3F029CB4AA3000F1792 /* AlertSupported.swift */ = {isa = PBXFileReference; lastKnownFileType = sourcecode.swift; path = AlertSupported.swift; sourceTree = "<group>"; };
		6FB7B3F229CB4BC3000F1792 /* String+Extensions.swift */ = {isa = PBXFileReference; lastKnownFileType = sourcecode.swift; path = "String+Extensions.swift"; sourceTree = "<group>"; };
		6FB7B3F429CB4F46000F1792 /* UserDefaults+Extensions.swift */ = {isa = PBXFileReference; lastKnownFileType = sourcecode.swift; path = "UserDefaults+Extensions.swift"; sourceTree = "<group>"; };
		6FB7B3F629CB5249000F1792 /* CoreDataDebugView.swift */ = {isa = PBXFileReference; lastKnownFileType = sourcecode.swift; path = CoreDataDebugView.swift; sourceTree = "<group>"; };
		6FB7B3F829CB62E0000F1792 /* CustomTabBar.swift */ = {isa = PBXFileReference; lastKnownFileType = sourcecode.swift; path = CustomTabBar.swift; sourceTree = "<group>"; };
		6FB7B3FA29CB713B000F1792 /* NetworkService.swift */ = {isa = PBXFileReference; lastKnownFileType = sourcecode.swift; path = NetworkService.swift; sourceTree = "<group>"; };
		6FEACF1E29C75B0200F5221C /* Preview Assets.xcassets */ = {isa = PBXFileReference; lastKnownFileType = folder.assetcatalog; path = "Preview Assets.xcassets"; sourceTree = "<group>"; };
		6FEACF2029C75D9600F5221C /* MainScreenView.swift */ = {isa = PBXFileReference; lastKnownFileType = sourcecode.swift; path = MainScreenView.swift; sourceTree = "<group>"; };
		6FF11DED29C87BCC004469B8 /* ProductsView.swift */ = {isa = PBXFileReference; lastKnownFileType = sourcecode.swift; path = ProductsView.swift; sourceTree = "<group>"; };
		6FF11DF029C88895004469B8 /* ProductViewModel.swift */ = {isa = PBXFileReference; lastKnownFileType = sourcecode.swift; path = ProductViewModel.swift; sourceTree = "<group>"; };
		6FF11DF229C889C3004469B8 /* ProductModel.swift */ = {isa = PBXFileReference; lastKnownFileType = sourcecode.swift; path = ProductModel.swift; sourceTree = "<group>"; };
		6FF11DF429C88C73004469B8 /* ProductCellView.swift */ = {isa = PBXFileReference; lastKnownFileType = sourcecode.swift; path = ProductCellView.swift; sourceTree = "<group>"; };
		6FF77B6629C9AE6F00D4B752 /* UsersService.swift */ = {isa = PBXFileReference; lastKnownFileType = sourcecode.swift; path = UsersService.swift; sourceTree = "<group>"; };
		6FF77B6929C9AE8100D4B752 /* UsersDataModel.xcdatamodel */ = {isa = PBXFileReference; lastKnownFileType = wrapper.xcdatamodel; path = UsersDataModel.xcdatamodel; sourceTree = "<group>"; };
		6FF77B6B29C9BBEF00D4B752 /* SignInViewModel.swift */ = {isa = PBXFileReference; lastKnownFileType = sourcecode.swift; path = SignInViewModel.swift; sourceTree = "<group>"; };
/* End PBXFileReference section */

/* Begin PBXFrameworksBuildPhase section */
		6F2AF9D029C73DE000F1C73D /* Frameworks */ = {
			isa = PBXFrameworksBuildPhase;
			buildActionMask = 2147483647;
			files = (
			);
			runOnlyForDeploymentPostprocessing = 0;
		};
		6F2AF9E029C73DE100F1C73D /* Frameworks */ = {
			isa = PBXFrameworksBuildPhase;
			buildActionMask = 2147483647;
			files = (
			);
			runOnlyForDeploymentPostprocessing = 0;
		};
		6F2AF9EA29C73DE100F1C73D /* Frameworks */ = {
			isa = PBXFrameworksBuildPhase;
			buildActionMask = 2147483647;
			files = (
			);
			runOnlyForDeploymentPostprocessing = 0;
		};
/* End PBXFrameworksBuildPhase section */

/* Begin PBXGroup section */
		6F12DA6A29C9081800C9B435 /* Helpers */ = {
			isa = PBXGroup;
			children = (
				6F2AFA0029C7458A00F1C73D /* Fonts */,
				6F2AFA2A29C74B8700F1C73D /* Strings.swift */,
				6F12DA6829C907AD00C9B435 /* StrokeText.swift */,
				6FB7B3F029CB4AA3000F1792 /* AlertSupported.swift */,
			);
			path = Helpers;
			sourceTree = "<group>";
		};
		6F12DA6B29C9082700C9B435 /* Models */ = {
			isa = PBXGroup;
			children = (
				6FF77B6829C9AE8100D4B752 /* UsersDataModel.xcdatamodeld */,
				6FF11DF229C889C3004469B8 /* ProductModel.swift */,
			);
			path = Models;
			sourceTree = "<group>";
		};
		6F2AF9CA29C73DE000F1C73D = {
			isa = PBXGroup;
			children = (
				6F2AF9D529C73DE000F1C73D /* StoreTestApp */,
				6F2AF9E629C73DE100F1C73D /* StoreTestAppTests */,
				6F2AF9F029C73DE100F1C73D /* StoreTestAppUITests */,
				6F2AF9D429C73DE000F1C73D /* Products */,
			);
			sourceTree = "<group>";
		};
		6F2AF9D429C73DE000F1C73D /* Products */ = {
			isa = PBXGroup;
			children = (
				6F2AF9D329C73DE000F1C73D /* StoreTestApp.app */,
				6F2AF9E329C73DE100F1C73D /* StoreTestAppTests.xctest */,
				6F2AF9ED29C73DE100F1C73D /* StoreTestAppUITests.xctest */,
			);
			name = Products;
			sourceTree = "<group>";
		};
		6F2AF9D529C73DE000F1C73D /* StoreTestApp */ = {
			isa = PBXGroup;
			children = (
				6FB7B3EF29CB4A53000F1792 /* Services */,
				6F12DA6B29C9082700C9B435 /* Models */,
				6F12DA6A29C9081800C9B435 /* Helpers */,
				6FF11DEF29C8887F004469B8 /* ViewModels */,
				6FEACF1D29C75AF300F5221C /* Preview Assets */,
				6F2AFA3529C75A5000F1C73D /* Extensions */,
				6F2AFA3429C75A4000F1C73D /* Application */,
				6F2AFA3229C75A1D00F1C73D /* Views */,
				6F2AF9DA29C73DE100F1C73D /* Assets.xcassets */,
				6F2AFA2529C7466300F1C73D /* Info.plist */,
				6FB7B3F829CB62E0000F1792 /* CustomTabBar.swift */,
			);
			path = StoreTestApp;
			sourceTree = "<group>";
		};
		6F2AF9E629C73DE100F1C73D /* StoreTestAppTests */ = {
			isa = PBXGroup;
			children = (
				6F2AF9E729C73DE100F1C73D /* StoreTestAppTests.swift */,
			);
			path = StoreTestAppTests;
			sourceTree = "<group>";
		};
		6F2AF9F029C73DE100F1C73D /* StoreTestAppUITests */ = {
			isa = PBXGroup;
			children = (
				6F2AF9F129C73DE100F1C73D /* StoreTestAppUITests.swift */,
				6F2AF9F329C73DE100F1C73D /* StoreTestAppUITestsLaunchTests.swift */,
			);
			path = StoreTestAppUITests;
			sourceTree = "<group>";
		};
		6F2AFA0029C7458A00F1C73D /* Fonts */ = {
			isa = PBXGroup;
			children = (
				6F2AFA0629C7459900F1C73D /* Montserrat-Bold.ttf */,
				6F2AFA0729C7459900F1C73D /* Montserrat-Regular.ttf */,
			);
			path = Fonts;
			sourceTree = "<group>";
		};
		6F2AFA3229C75A1D00F1C73D /* Views */ = {
			isa = PBXGroup;
			children = (
				6F2AFA3329C75A2B00F1C73D /* Components */,
				6F2AF9D829C73DE000F1C73D /* SignInView.swift */,
				6F2AFA2C29C74E8800F1C73D /* LogInView.swift */,
				6F62B41829C76DC800E58355 /* ProfileView.swift */,
				6FEACF2029C75D9600F5221C /* MainScreenView.swift */,
				6FF11DED29C87BCC004469B8 /* ProductsView.swift */,
				6FB7B3F629CB5249000F1792 /* CoreDataDebugView.swift */,
			);
			path = Views;
			sourceTree = "<group>";
		};
		6F2AFA3329C75A2B00F1C73D /* Components */ = {
			isa = PBXGroup;
			children = (
				6F2AFA2E29C74F3A00F1C73D /* TextFieldInCapsuleView.swift */,
				6FB7B3EA29CB2C2E000F1792 /* CommonAlertView.swift */,
				6F2AFA3029C754EA00F1C73D /* CommonButton.swift */,
			);
			path = Components;
			sourceTree = "<group>";
		};
		6F2AFA3429C75A4000F1C73D /* Application */ = {
			isa = PBXGroup;
			children = (
				6F2AF9D629C73DE000F1C73D /* StoreTestAppApp.swift */,
			);
			path = Application;
			sourceTree = "<group>";
		};
		6F2AFA3529C75A5000F1C73D /* Extensions */ = {
			isa = PBXGroup;
			children = (
				6F2AFA2629C746D200F1C73D /* Font+Extensions.swift */,
				6F2AFA2829C747DD00F1C73D /* View+Extensions.swift */,
				6F62B41A29C7760400E58355 /* UIApplication+Extensions.swift */,
				6FB7B3F229CB4BC3000F1792 /* String+Extensions.swift */,
				6FB7B3F429CB4F46000F1792 /* UserDefaults+Extensions.swift */,
			);
			path = Extensions;
			sourceTree = "<group>";
		};
		6FB7B3EF29CB4A53000F1792 /* Services */ = {
			isa = PBXGroup;
			children = (
				6FF77B6629C9AE6F00D4B752 /* UsersService.swift */,
				6FB7B3FA29CB713B000F1792 /* NetworkService.swift */,
			);
			path = Services;
			sourceTree = "<group>";
		};
		6FEACF1D29C75AF300F5221C /* Preview Assets */ = {
			isa = PBXGroup;
			children = (
				6FEACF1E29C75B0200F5221C /* Preview Assets.xcassets */,
			);
			path = "Preview Assets";
			sourceTree = "<group>";
		};
		6FF11DEF29C8887F004469B8 /* ViewModels */ = {
			isa = PBXGroup;
			children = (
				6FF11DF029C88895004469B8 /* ProductViewModel.swift */,
				6FF11DF429C88C73004469B8 /* ProductCellView.swift */,
				6FF77B6B29C9BBEF00D4B752 /* SignInViewModel.swift */,
				6FB7B3EC29CB49F6000F1792 /* LogInViewModel.swift */,
			);
			path = ViewModels;
			sourceTree = "<group>";
		};
/* End PBXGroup section */

/* Begin PBXNativeTarget section */
		6F2AF9D229C73DE000F1C73D /* StoreTestApp */ = {
			isa = PBXNativeTarget;
			buildConfigurationList = 6F2AF9F729C73DE100F1C73D /* Build configuration list for PBXNativeTarget "StoreTestApp" */;
			buildPhases = (
				6F2AF9CF29C73DE000F1C73D /* Sources */,
				6F2AF9D029C73DE000F1C73D /* Frameworks */,
				6F2AF9D129C73DE000F1C73D /* Resources */,
			);
			buildRules = (
			);
			dependencies = (
			);
			name = StoreTestApp;
			productName = StoreTestApp;
			productReference = 6F2AF9D329C73DE000F1C73D /* StoreTestApp.app */;
			productType = "com.apple.product-type.application";
		};
		6F2AF9E229C73DE100F1C73D /* StoreTestAppTests */ = {
			isa = PBXNativeTarget;
			buildConfigurationList = 6F2AF9FA29C73DE100F1C73D /* Build configuration list for PBXNativeTarget "StoreTestAppTests" */;
			buildPhases = (
				6F2AF9DF29C73DE100F1C73D /* Sources */,
				6F2AF9E029C73DE100F1C73D /* Frameworks */,
				6F2AF9E129C73DE100F1C73D /* Resources */,
			);
			buildRules = (
			);
			dependencies = (
				6F2AF9E529C73DE100F1C73D /* PBXTargetDependency */,
			);
			name = StoreTestAppTests;
			productName = StoreTestAppTests;
			productReference = 6F2AF9E329C73DE100F1C73D /* StoreTestAppTests.xctest */;
			productType = "com.apple.product-type.bundle.unit-test";
		};
		6F2AF9EC29C73DE100F1C73D /* StoreTestAppUITests */ = {
			isa = PBXNativeTarget;
			buildConfigurationList = 6F2AF9FD29C73DE100F1C73D /* Build configuration list for PBXNativeTarget "StoreTestAppUITests" */;
			buildPhases = (
				6F2AF9E929C73DE100F1C73D /* Sources */,
				6F2AF9EA29C73DE100F1C73D /* Frameworks */,
				6F2AF9EB29C73DE100F1C73D /* Resources */,
			);
			buildRules = (
			);
			dependencies = (
				6F2AF9EF29C73DE100F1C73D /* PBXTargetDependency */,
			);
			name = StoreTestAppUITests;
			productName = StoreTestAppUITests;
			productReference = 6F2AF9ED29C73DE100F1C73D /* StoreTestAppUITests.xctest */;
			productType = "com.apple.product-type.bundle.ui-testing";
		};
/* End PBXNativeTarget section */

/* Begin PBXProject section */
		6F2AF9CB29C73DE000F1C73D /* Project object */ = {
			isa = PBXProject;
			attributes = {
				BuildIndependentTargetsInParallel = 1;
				LastSwiftUpdateCheck = 1420;
				LastUpgradeCheck = 1420;
				TargetAttributes = {
					6F2AF9D229C73DE000F1C73D = {
						CreatedOnToolsVersion = 14.2;
					};
					6F2AF9E229C73DE100F1C73D = {
						CreatedOnToolsVersion = 14.2;
						TestTargetID = 6F2AF9D229C73DE000F1C73D;
					};
					6F2AF9EC29C73DE100F1C73D = {
						CreatedOnToolsVersion = 14.2;
						TestTargetID = 6F2AF9D229C73DE000F1C73D;
					};
				};
			};
			buildConfigurationList = 6F2AF9CE29C73DE000F1C73D /* Build configuration list for PBXProject "StoreTestApp" */;
			compatibilityVersion = "Xcode 14.0";
			developmentRegion = en;
			hasScannedForEncodings = 0;
			knownRegions = (
				en,
				Base,
			);
			mainGroup = 6F2AF9CA29C73DE000F1C73D;
			productRefGroup = 6F2AF9D429C73DE000F1C73D /* Products */;
			projectDirPath = "";
			projectRoot = "";
			targets = (
				6F2AF9D229C73DE000F1C73D /* StoreTestApp */,
				6F2AF9E229C73DE100F1C73D /* StoreTestAppTests */,
				6F2AF9EC29C73DE100F1C73D /* StoreTestAppUITests */,
			);
		};
/* End PBXProject section */

/* Begin PBXResourcesBuildPhase section */
		6F2AF9D129C73DE000F1C73D /* Resources */ = {
			isa = PBXResourcesBuildPhase;
			buildActionMask = 2147483647;
			files = (
				6FEACF1F29C75B0200F5221C /* Preview Assets.xcassets in Resources */,
				6F2AFA1929C7459A00F1C73D /* Montserrat-Regular.ttf in Resources */,
				6F2AFA1829C7459A00F1C73D /* Montserrat-Bold.ttf in Resources */,
				6F2AF9DB29C73DE100F1C73D /* Assets.xcassets in Resources */,
			);
			runOnlyForDeploymentPostprocessing = 0;
		};
		6F2AF9E129C73DE100F1C73D /* Resources */ = {
			isa = PBXResourcesBuildPhase;
			buildActionMask = 2147483647;
			files = (
			);
			runOnlyForDeploymentPostprocessing = 0;
		};
		6F2AF9EB29C73DE100F1C73D /* Resources */ = {
			isa = PBXResourcesBuildPhase;
			buildActionMask = 2147483647;
			files = (
			);
			runOnlyForDeploymentPostprocessing = 0;
		};
/* End PBXResourcesBuildPhase section */

/* Begin PBXSourcesBuildPhase section */
		6F2AF9CF29C73DE000F1C73D /* Sources */ = {
			isa = PBXSourcesBuildPhase;
			buildActionMask = 2147483647;
			files = (
				6FF77B6A29C9AE8100D4B752 /* UsersDataModel.xcdatamodeld in Sources */,
				6F62B41B29C7760400E58355 /* UIApplication+Extensions.swift in Sources */,
				6F2AFA3129C754EA00F1C73D /* CommonButton.swift in Sources */,
				6FF77B6C29C9BBEF00D4B752 /* SignInViewModel.swift in Sources */,
				6FB7B3EB29CB2C2E000F1792 /* CommonAlertView.swift in Sources */,
				6F2AFA2D29C74E8800F1C73D /* LogInView.swift in Sources */,
				6F62B41929C76DC800E58355 /* ProfileView.swift in Sources */,
				6FB7B3ED29CB49F6000F1792 /* LogInViewModel.swift in Sources */,
				6FF11DF529C88C73004469B8 /* ProductCellView.swift in Sources */,
				6FB7B3F729CB5249000F1792 /* CoreDataDebugView.swift in Sources */,
				6F2AFA2F29C74F3A00F1C73D /* TextFieldInCapsuleView.swift in Sources */,
				6FB7B3F529CB4F46000F1792 /* UserDefaults+Extensions.swift in Sources */,
				6FF11DF329C889C3004469B8 /* ProductModel.swift in Sources */,
				6FB7B3FB29CB713B000F1792 /* NetworkService.swift in Sources */,
				6FF11DF129C88895004469B8 /* ProductViewModel.swift in Sources */,
				6F12DA6929C907AD00C9B435 /* StrokeText.swift in Sources */,
				6F2AFA2729C746D200F1C73D /* Font+Extensions.swift in Sources */,
				6FB7B3F929CB62E0000F1792 /* CustomTabBar.swift in Sources */,
				6FEACF2129C75D9600F5221C /* MainScreenView.swift in Sources */,
				6F2AF9D929C73DE000F1C73D /* SignInView.swift in Sources */,
				6FF11DEE29C87BCC004469B8 /* ProductsView.swift in Sources */,
				6F2AFA2B29C74B8700F1C73D /* Strings.swift in Sources */,
				6FF77B6729C9AE6F00D4B752 /* UsersService.swift in Sources */,
				6FB7B3F329CB4BC3000F1792 /* String+Extensions.swift in Sources */,
				6FB7B3F129CB4AA3000F1792 /* AlertSupported.swift in Sources */,
				6F2AFA2929C747DD00F1C73D /* View+Extensions.swift in Sources */,
				6F2AF9D729C73DE000F1C73D /* StoreTestAppApp.swift in Sources */,
			);
			runOnlyForDeploymentPostprocessing = 0;
		};
		6F2AF9DF29C73DE100F1C73D /* Sources */ = {
			isa = PBXSourcesBuildPhase;
			buildActionMask = 2147483647;
			files = (
				6F2AF9E829C73DE100F1C73D /* StoreTestAppTests.swift in Sources */,
			);
			runOnlyForDeploymentPostprocessing = 0;
		};
		6F2AF9E929C73DE100F1C73D /* Sources */ = {
			isa = PBXSourcesBuildPhase;
			buildActionMask = 2147483647;
			files = (
				6F2AF9F429C73DE100F1C73D /* StoreTestAppUITestsLaunchTests.swift in Sources */,
				6F2AF9F229C73DE100F1C73D /* StoreTestAppUITests.swift in Sources */,
			);
			runOnlyForDeploymentPostprocessing = 0;
		};
/* End PBXSourcesBuildPhase section */

/* Begin PBXTargetDependency section */
		6F2AF9E529C73DE100F1C73D /* PBXTargetDependency */ = {
			isa = PBXTargetDependency;
			target = 6F2AF9D229C73DE000F1C73D /* StoreTestApp */;
			targetProxy = 6F2AF9E429C73DE100F1C73D /* PBXContainerItemProxy */;
		};
		6F2AF9EF29C73DE100F1C73D /* PBXTargetDependency */ = {
			isa = PBXTargetDependency;
			target = 6F2AF9D229C73DE000F1C73D /* StoreTestApp */;
			targetProxy = 6F2AF9EE29C73DE100F1C73D /* PBXContainerItemProxy */;
		};
/* End PBXTargetDependency section */

/* Begin XCBuildConfiguration section */
		6F2AF9F529C73DE100F1C73D /* Debug */ = {
			isa = XCBuildConfiguration;
			buildSettings = {
				ALWAYS_SEARCH_USER_PATHS = NO;
				CLANG_ANALYZER_NONNULL = YES;
				CLANG_ANALYZER_NUMBER_OBJECT_CONVERSION = YES_AGGRESSIVE;
				CLANG_CXX_LANGUAGE_STANDARD = "gnu++20";
				CLANG_ENABLE_MODULES = YES;
				CLANG_ENABLE_OBJC_ARC = YES;
				CLANG_ENABLE_OBJC_WEAK = YES;
				CLANG_WARN_BLOCK_CAPTURE_AUTORELEASING = YES;
				CLANG_WARN_BOOL_CONVERSION = YES;
				CLANG_WARN_COMMA = YES;
				CLANG_WARN_CONSTANT_CONVERSION = YES;
				CLANG_WARN_DEPRECATED_OBJC_IMPLEMENTATIONS = YES;
				CLANG_WARN_DIRECT_OBJC_ISA_USAGE = YES_ERROR;
				CLANG_WARN_DOCUMENTATION_COMMENTS = YES;
				CLANG_WARN_EMPTY_BODY = YES;
				CLANG_WARN_ENUM_CONVERSION = YES;
				CLANG_WARN_INFINITE_RECURSION = YES;
				CLANG_WARN_INT_CONVERSION = YES;
				CLANG_WARN_NON_LITERAL_NULL_CONVERSION = YES;
				CLANG_WARN_OBJC_IMPLICIT_RETAIN_SELF = YES;
				CLANG_WARN_OBJC_LITERAL_CONVERSION = YES;
				CLANG_WARN_OBJC_ROOT_CLASS = YES_ERROR;
				CLANG_WARN_QUOTED_INCLUDE_IN_FRAMEWORK_HEADER = YES;
				CLANG_WARN_RANGE_LOOP_ANALYSIS = YES;
				CLANG_WARN_STRICT_PROTOTYPES = YES;
				CLANG_WARN_SUSPICIOUS_MOVE = YES;
				CLANG_WARN_UNGUARDED_AVAILABILITY = YES_AGGRESSIVE;
				CLANG_WARN_UNREACHABLE_CODE = YES;
				CLANG_WARN__DUPLICATE_METHOD_MATCH = YES;
				COPY_PHASE_STRIP = NO;
				DEBUG_INFORMATION_FORMAT = dwarf;
				ENABLE_STRICT_OBJC_MSGSEND = YES;
				ENABLE_TESTABILITY = YES;
				GCC_C_LANGUAGE_STANDARD = gnu11;
				GCC_DYNAMIC_NO_PIC = NO;
				GCC_NO_COMMON_BLOCKS = YES;
				GCC_OPTIMIZATION_LEVEL = 0;
				GCC_PREPROCESSOR_DEFINITIONS = (
					"DEBUG=1",
					"$(inherited)",
				);
				GCC_WARN_64_TO_32_BIT_CONVERSION = YES;
				GCC_WARN_ABOUT_RETURN_TYPE = YES_ERROR;
				GCC_WARN_UNDECLARED_SELECTOR = YES;
				GCC_WARN_UNINITIALIZED_AUTOS = YES_AGGRESSIVE;
				GCC_WARN_UNUSED_FUNCTION = YES;
				GCC_WARN_UNUSED_VARIABLE = YES;
				IPHONEOS_DEPLOYMENT_TARGET = 16.0;
				MTL_ENABLE_DEBUG_INFO = INCLUDE_SOURCE;
				MTL_FAST_MATH = YES;
				ONLY_ACTIVE_ARCH = YES;
				SDKROOT = iphoneos;
				SWIFT_ACTIVE_COMPILATION_CONDITIONS = DEBUG;
				SWIFT_OPTIMIZATION_LEVEL = "-Onone";
			};
			name = Debug;
		};
		6F2AF9F629C73DE100F1C73D /* Release */ = {
			isa = XCBuildConfiguration;
			buildSettings = {
				ALWAYS_SEARCH_USER_PATHS = NO;
				CLANG_ANALYZER_NONNULL = YES;
				CLANG_ANALYZER_NUMBER_OBJECT_CONVERSION = YES_AGGRESSIVE;
				CLANG_CXX_LANGUAGE_STANDARD = "gnu++20";
				CLANG_ENABLE_MODULES = YES;
				CLANG_ENABLE_OBJC_ARC = YES;
				CLANG_ENABLE_OBJC_WEAK = YES;
				CLANG_WARN_BLOCK_CAPTURE_AUTORELEASING = YES;
				CLANG_WARN_BOOL_CONVERSION = YES;
				CLANG_WARN_COMMA = YES;
				CLANG_WARN_CONSTANT_CONVERSION = YES;
				CLANG_WARN_DEPRECATED_OBJC_IMPLEMENTATIONS = YES;
				CLANG_WARN_DIRECT_OBJC_ISA_USAGE = YES_ERROR;
				CLANG_WARN_DOCUMENTATION_COMMENTS = YES;
				CLANG_WARN_EMPTY_BODY = YES;
				CLANG_WARN_ENUM_CONVERSION = YES;
				CLANG_WARN_INFINITE_RECURSION = YES;
				CLANG_WARN_INT_CONVERSION = YES;
				CLANG_WARN_NON_LITERAL_NULL_CONVERSION = YES;
				CLANG_WARN_OBJC_IMPLICIT_RETAIN_SELF = YES;
				CLANG_WARN_OBJC_LITERAL_CONVERSION = YES;
				CLANG_WARN_OBJC_ROOT_CLASS = YES_ERROR;
				CLANG_WARN_QUOTED_INCLUDE_IN_FRAMEWORK_HEADER = YES;
				CLANG_WARN_RANGE_LOOP_ANALYSIS = YES;
				CLANG_WARN_STRICT_PROTOTYPES = YES;
				CLANG_WARN_SUSPICIOUS_MOVE = YES;
				CLANG_WARN_UNGUARDED_AVAILABILITY = YES_AGGRESSIVE;
				CLANG_WARN_UNREACHABLE_CODE = YES;
				CLANG_WARN__DUPLICATE_METHOD_MATCH = YES;
				COPY_PHASE_STRIP = NO;
				DEBUG_INFORMATION_FORMAT = "dwarf-with-dsym";
				ENABLE_NS_ASSERTIONS = NO;
				ENABLE_STRICT_OBJC_MSGSEND = YES;
				GCC_C_LANGUAGE_STANDARD = gnu11;
				GCC_NO_COMMON_BLOCKS = YES;
				GCC_WARN_64_TO_32_BIT_CONVERSION = YES;
				GCC_WARN_ABOUT_RETURN_TYPE = YES_ERROR;
				GCC_WARN_UNDECLARED_SELECTOR = YES;
				GCC_WARN_UNINITIALIZED_AUTOS = YES_AGGRESSIVE;
				GCC_WARN_UNUSED_FUNCTION = YES;
				GCC_WARN_UNUSED_VARIABLE = YES;
				IPHONEOS_DEPLOYMENT_TARGET = 16.0;
				MTL_ENABLE_DEBUG_INFO = NO;
				MTL_FAST_MATH = YES;
				SDKROOT = iphoneos;
				SWIFT_COMPILATION_MODE = wholemodule;
				SWIFT_OPTIMIZATION_LEVEL = "-O";
				VALIDATE_PRODUCT = YES;
			};
			name = Release;
		};
		6F2AF9F829C73DE100F1C73D /* Debug */ = {
			isa = XCBuildConfiguration;
			buildSettings = {
				ASSETCATALOG_COMPILER_APPICON_NAME = AppIcon;
				ASSETCATALOG_COMPILER_GLOBAL_ACCENT_COLOR_NAME = AccentColor;
				CODE_SIGN_STYLE = Automatic;
				CURRENT_PROJECT_VERSION = 1;
				DEVELOPMENT_ASSET_PATHS = "\"StoreTestApp/Preview Content\"";
				DEVELOPMENT_TEAM = Y3J9DR9455;
				ENABLE_PREVIEWS = YES;
				GENERATE_INFOPLIST_FILE = YES;
				INFOPLIST_FILE = StoreTestApp/Info.plist;
				INFOPLIST_KEY_LSApplicationCategoryType = "";
				INFOPLIST_KEY_UIApplicationSupportsIndirectInputEvents = YES;
				INFOPLIST_KEY_UILaunchScreen_Generation = YES;
				INFOPLIST_KEY_UISupportedInterfaceOrientations = UIInterfaceOrientationPortrait;
				INFOPLIST_KEY_UISupportedInterfaceOrientations_iPad = "UIInterfaceOrientationLandscapeLeft UIInterfaceOrientationLandscapeRight UIInterfaceOrientationPortrait UIInterfaceOrientationPortraitUpsideDown";
				INFOPLIST_KEY_UIUserInterfaceStyle = Light;
				IPHONEOS_DEPLOYMENT_TARGET = 16.0;
				LD_RUNPATH_SEARCH_PATHS = (
					"$(inherited)",
					"@executable_path/Frameworks",
				);
				MARKETING_VERSION = 1.0;
				PRODUCT_BUNDLE_IDENTIFIER = Kuzmich.StoreTestApp;
				PRODUCT_NAME = "$(TARGET_NAME)";
				SUPPORTED_PLATFORMS = "iphoneos iphonesimulator";
				SUPPORTS_MACCATALYST = NO;
				SUPPORTS_MAC_DESIGNED_FOR_IPHONE_IPAD = NO;
				SWIFT_EMIT_LOC_STRINGS = YES;
				SWIFT_VERSION = 5.0;
				TARGETED_DEVICE_FAMILY = 1;
			};
			name = Debug;
		};
		6F2AF9F929C73DE100F1C73D /* Release */ = {
			isa = XCBuildConfiguration;
			buildSettings = {
				ASSETCATALOG_COMPILER_APPICON_NAME = AppIcon;
				ASSETCATALOG_COMPILER_GLOBAL_ACCENT_COLOR_NAME = AccentColor;
				CODE_SIGN_STYLE = Automatic;
				CURRENT_PROJECT_VERSION = 1;
				DEVELOPMENT_ASSET_PATHS = "\"StoreTestApp/Preview Content\"";
				DEVELOPMENT_TEAM = Y3J9DR9455;
				ENABLE_PREVIEWS = YES;
				GENERATE_INFOPLIST_FILE = YES;
				INFOPLIST_FILE = StoreTestApp/Info.plist;
				INFOPLIST_KEY_LSApplicationCategoryType = "";
				INFOPLIST_KEY_UIApplicationSupportsIndirectInputEvents = YES;
				INFOPLIST_KEY_UILaunchScreen_Generation = YES;
				INFOPLIST_KEY_UISupportedInterfaceOrientations = UIInterfaceOrientationPortrait;
				INFOPLIST_KEY_UISupportedInterfaceOrientations_iPad = "UIInterfaceOrientationLandscapeLeft UIInterfaceOrientationLandscapeRight UIInterfaceOrientationPortrait UIInterfaceOrientationPortraitUpsideDown";
				INFOPLIST_KEY_UIUserInterfaceStyle = Light;
				IPHONEOS_DEPLOYMENT_TARGET = 16.0;
				LD_RUNPATH_SEARCH_PATHS = (
					"$(inherited)",
					"@executable_path/Frameworks",
				);
				MARKETING_VERSION = 1.0;
				PRODUCT_BUNDLE_IDENTIFIER = Kuzmich.StoreTestApp;
				PRODUCT_NAME = "$(TARGET_NAME)";
				SUPPORTED_PLATFORMS = "iphoneos iphonesimulator";
				SUPPORTS_MACCATALYST = NO;
				SUPPORTS_MAC_DESIGNED_FOR_IPHONE_IPAD = NO;
				SWIFT_EMIT_LOC_STRINGS = YES;
				SWIFT_VERSION = 5.0;
				TARGETED_DEVICE_FAMILY = 1;
			};
			name = Release;
		};
		6F2AF9FB29C73DE100F1C73D /* Debug */ = {
			isa = XCBuildConfiguration;
			buildSettings = {
				ALWAYS_EMBED_SWIFT_STANDARD_LIBRARIES = YES;
				BUNDLE_LOADER = "$(TEST_HOST)";
				CODE_SIGN_STYLE = Automatic;
				CURRENT_PROJECT_VERSION = 1;
				DEVELOPMENT_TEAM = Y3J9DR9455;
				GENERATE_INFOPLIST_FILE = YES;
				IPHONEOS_DEPLOYMENT_TARGET = 16.2;
				MARKETING_VERSION = 1.0;
				PRODUCT_BUNDLE_IDENTIFIER = Kuzmich.StoreTestAppTests;
				PRODUCT_NAME = "$(TARGET_NAME)";
				SWIFT_EMIT_LOC_STRINGS = NO;
				SWIFT_VERSION = 5.0;
				TARGETED_DEVICE_FAMILY = "1,2";
				TEST_HOST = "$(BUILT_PRODUCTS_DIR)/StoreTestApp.app/$(BUNDLE_EXECUTABLE_FOLDER_PATH)/StoreTestApp";
			};
			name = Debug;
		};
		6F2AF9FC29C73DE100F1C73D /* Release */ = {
			isa = XCBuildConfiguration;
			buildSettings = {
				ALWAYS_EMBED_SWIFT_STANDARD_LIBRARIES = YES;
				BUNDLE_LOADER = "$(TEST_HOST)";
				CODE_SIGN_STYLE = Automatic;
				CURRENT_PROJECT_VERSION = 1;
				DEVELOPMENT_TEAM = Y3J9DR9455;
				GENERATE_INFOPLIST_FILE = YES;
				IPHONEOS_DEPLOYMENT_TARGET = 16.2;
				MARKETING_VERSION = 1.0;
				PRODUCT_BUNDLE_IDENTIFIER = Kuzmich.StoreTestAppTests;
				PRODUCT_NAME = "$(TARGET_NAME)";
				SWIFT_EMIT_LOC_STRINGS = NO;
				SWIFT_VERSION = 5.0;
				TARGETED_DEVICE_FAMILY = "1,2";
				TEST_HOST = "$(BUILT_PRODUCTS_DIR)/StoreTestApp.app/$(BUNDLE_EXECUTABLE_FOLDER_PATH)/StoreTestApp";
			};
			name = Release;
		};
		6F2AF9FE29C73DE100F1C73D /* Debug */ = {
			isa = XCBuildConfiguration;
			buildSettings = {
				ALWAYS_EMBED_SWIFT_STANDARD_LIBRARIES = YES;
				CODE_SIGN_STYLE = Automatic;
				CURRENT_PROJECT_VERSION = 1;
				DEVELOPMENT_TEAM = Y3J9DR9455;
				GENERATE_INFOPLIST_FILE = YES;
				MARKETING_VERSION = 1.0;
				PRODUCT_BUNDLE_IDENTIFIER = Kuzmich.StoreTestAppUITests;
				PRODUCT_NAME = "$(TARGET_NAME)";
				SWIFT_EMIT_LOC_STRINGS = NO;
				SWIFT_VERSION = 5.0;
				TARGETED_DEVICE_FAMILY = "1,2";
				TEST_TARGET_NAME = StoreTestApp;
			};
			name = Debug;
		};
		6F2AF9FF29C73DE100F1C73D /* Release */ = {
			isa = XCBuildConfiguration;
			buildSettings = {
				ALWAYS_EMBED_SWIFT_STANDARD_LIBRARIES = YES;
				CODE_SIGN_STYLE = Automatic;
				CURRENT_PROJECT_VERSION = 1;
				DEVELOPMENT_TEAM = Y3J9DR9455;
				GENERATE_INFOPLIST_FILE = YES;
				MARKETING_VERSION = 1.0;
				PRODUCT_BUNDLE_IDENTIFIER = Kuzmich.StoreTestAppUITests;
				PRODUCT_NAME = "$(TARGET_NAME)";
				SWIFT_EMIT_LOC_STRINGS = NO;
				SWIFT_VERSION = 5.0;
				TARGETED_DEVICE_FAMILY = "1,2";
				TEST_TARGET_NAME = StoreTestApp;
			};
			name = Release;
		};
/* End XCBuildConfiguration section */

/* Begin XCConfigurationList section */
		6F2AF9CE29C73DE000F1C73D /* Build configuration list for PBXProject "StoreTestApp" */ = {
			isa = XCConfigurationList;
			buildConfigurations = (
				6F2AF9F529C73DE100F1C73D /* Debug */,
				6F2AF9F629C73DE100F1C73D /* Release */,
			);
			defaultConfigurationIsVisible = 0;
			defaultConfigurationName = Release;
		};
		6F2AF9F729C73DE100F1C73D /* Build configuration list for PBXNativeTarget "StoreTestApp" */ = {
			isa = XCConfigurationList;
			buildConfigurations = (
				6F2AF9F829C73DE100F1C73D /* Debug */,
				6F2AF9F929C73DE100F1C73D /* Release */,
			);
			defaultConfigurationIsVisible = 0;
			defaultConfigurationName = Release;
		};
		6F2AF9FA29C73DE100F1C73D /* Build configuration list for PBXNativeTarget "StoreTestAppTests" */ = {
			isa = XCConfigurationList;
			buildConfigurations = (
				6F2AF9FB29C73DE100F1C73D /* Debug */,
				6F2AF9FC29C73DE100F1C73D /* Release */,
			);
			defaultConfigurationIsVisible = 0;
			defaultConfigurationName = Release;
		};
		6F2AF9FD29C73DE100F1C73D /* Build configuration list for PBXNativeTarget "StoreTestAppUITests" */ = {
			isa = XCConfigurationList;
			buildConfigurations = (
				6F2AF9FE29C73DE100F1C73D /* Debug */,
				6F2AF9FF29C73DE100F1C73D /* Release */,
			);
			defaultConfigurationIsVisible = 0;
			defaultConfigurationName = Release;
		};
/* End XCConfigurationList section */

/* Begin XCVersionGroup section */
		6FF77B6829C9AE8100D4B752 /* UsersDataModel.xcdatamodeld */ = {
			isa = XCVersionGroup;
			children = (
				6FF77B6929C9AE8100D4B752 /* UsersDataModel.xcdatamodel */,
			);
			currentVersion = 6FF77B6929C9AE8100D4B752 /* UsersDataModel.xcdatamodel */;
			path = UsersDataModel.xcdatamodeld;
			sourceTree = "<group>";
			versionGroupType = wrapper.xcdatamodel;
		};
/* End XCVersionGroup section */
	};
	rootObject = 6F2AF9CB29C73DE000F1C73D /* Project object */;
}
